
Microsoft Visual Studio Solution File, Format Version 11.00
# Visual Studio 2010
Project("{FAE04EC0-301F-11D3-BF4B-00C04F79EFBC}") = "expo-1", "Assembly-CSharp-firstpass.csproj", "{7CF2EB55-0248-DCA0-E518-A65C301C9210}"
EndProject
Project("{FAE04EC0-301F-11D3-BF4B-00C04F79EFBC}") = "expo-1", "Assembly-CSharp.csproj", "{EDBA8BC3-F270-23A1-7E4C-050F6BEDCCD1}"
EndProject
Project("{FAE04EC0-301F-11D3-BF4B-00C04F79EFBC}") = "expo-1", "Assembly-CSharp-Editor-firstpass.csproj", "{C45F9B4F-05FA-E990-C66A-ECC9D92AF7A1}"
EndProject
Project("{FAE04EC0-301F-11D3-BF4B-00C04F79EFBC}") = "expo-1", "Assembly-CSharp-Editor.csproj", "{1B65D820-7049-4F95-52EA-21CAC235C5E9}"
EndProject
Global
	GlobalSection(SolutionConfigurationPlatforms) = preSolution
		Debug|Any CPU = Debug|Any CPU
		Release|Any CPU = Release|Any CPU
	EndGlobalSection
	GlobalSection(ProjectConfigurationPlatforms) = postSolution
		{7CF2EB55-0248-DCA0-E518-A65C301C9210}.Debug|Any CPU.ActiveCfg = Debug|Any CPU
		{7CF2EB55-0248-DCA0-E518-A65C301C9210}.Debug|Any CPU.Build.0 = Debug|Any CPU
		{7CF2EB55-0248-DCA0-E518-A65C301C9210}.Release|Any CPU.ActiveCfg = Release|Any CPU
		{7CF2EB55-0248-DCA0-E518-A65C301C9210}.Release|Any CPU.Build.0 = Release|Any CPU
		{EDBA8BC3-F270-23A1-7E4C-050F6BEDCCD1}.Debug|Any CPU.ActiveCfg = Debug|Any CPU
		{EDBA8BC3-F270-23A1-7E4C-050F6BEDCCD1}.Debug|Any CPU.Build.0 = Debug|Any CPU
		{EDBA8BC3-F270-23A1-7E4C-050F6BEDCCD1}.Release|Any CPU.ActiveCfg = Release|Any CPU
		{EDBA8BC3-F270-23A1-7E4C-050F6BEDCCD1}.Release|Any CPU.Build.0 = Release|Any CPU
		{C45F9B4F-05FA-E990-C66A-ECC9D92AF7A1}.Debug|Any CPU.ActiveCfg = Debug|Any CPU
		{C45F9B4F-05FA-E990-C66A-ECC9D92AF7A1}.Debug|Any CPU.Build.0 = Debug|Any CPU
		{C45F9B4F-05FA-E990-C66A-ECC9D92AF7A1}.Release|Any CPU.ActiveCfg = Release|Any CPU
		{C45F9B4F-05FA-E990-C66A-ECC9D92AF7A1}.Release|Any CPU.Build.0 = Release|Any CPU
		{1B65D820-7049-4F95-52EA-21CAC235C5E9}.Debug|Any CPU.ActiveCfg = Debug|Any CPU
		{1B65D820-7049-4F95-52EA-21CAC235C5E9}.Debug|Any CPU.Build.0 = Debug|Any CPU
		{1B65D820-7049-4F95-52EA-21CAC235C5E9}.Release|Any CPU.ActiveCfg = Release|Any CPU
		{1B65D820-7049-4F95-52EA-21CAC235C5E9}.Release|Any CPU.Build.0 = Release|Any CPU
	EndGlobalSection
	GlobalSection(SolutionProperties) = preSolution
		HideSolutionNode = FALSE
	EndGlobalSection
	GlobalSection(MonoDevelopProperties) = preSolution
		StartupItem = Assembly-CSharp.csproj
	EndGlobalSection
EndGlobal
